
Microsoft Visual Studio Solution File, Format Version 12.00
# Visual Studio 2013
VisualStudioVersion = 12.0.31101.0
MinimumVisualStudioVersion = 10.0.40219.1
Project("{FAE04EC0-301F-11D3-BF4B-00C04F79EFBC}") = "WSEP", "WSEP\WSEP.csproj", "{17A3A2EE-368F-40E1-8B69-7F3F9EEE5D26}"
EndProject
Project("{FAE04EC0-301F-11D3-BF4B-00C04F79EFBC}") = "WSEPtests", "WSEPtests\WSEPtests.csproj", "{8283A0BA-36D0-403A-993C-60DCBFD333CF}"
EndProject
Global
	GlobalSection(SolutionConfigurationPlatforms) = preSolution
		Debug|Any CPU = Debug|Any CPU
		Release|Any CPU = Release|Any CPU
	EndGlobalSection
	GlobalSection(ProjectConfigurationPlatforms) = postSolution
		{17A3A2EE-368F-40E1-8B69-7F3F9EEE5D26}.Debug|Any CPU.ActiveCfg = Debug|Any CPU
		{17A3A2EE-368F-40E1-8B69-7F3F9EEE5D26}.Debug|Any CPU.Build.0 = Debug|Any CPU
		{17A3A2EE-368F-40E1-8B69-7F3F9EEE5D26}.Release|Any CPU.ActiveCfg = Release|Any CPU
		{17A3A2EE-368F-40E1-8B69-7F3F9EEE5D26}.Release|Any CPU.Build.0 = Release|Any CPU
		{8283A0BA-36D0-403A-993C-60DCBFD333CF}.Debug|Any CPU.ActiveCfg = Debug|Any CPU
		{8283A0BA-36D0-403A-993C-60DCBFD333CF}.Debug|Any CPU.Build.0 = Debug|Any CPU
		{8283A0BA-36D0-403A-993C-60DCBFD333CF}.Release|Any CPU.ActiveCfg = Release|Any CPU
		{8283A0BA-36D0-403A-993C-60DCBFD333CF}.Release|Any CPU.Build.0 = Release|Any CPU
	EndGlobalSection
	GlobalSection(SolutionProperties) = preSolution
		HideSolutionNode = FALSE
	EndGlobalSection
EndGlobal
